
Microsoft Visual Studio Solution File, Format Version 12.00
# Visual Studio 15
VisualStudioVersion = 15.0.28307.329
MinimumVisualStudioVersion = 10.0.40219.1
Project("{8BC9CEB8-8B4A-11D0-8D11-00A0C91BC942}") = "q1", "q3\q3.vcxproj", "{0AFB2AEA-C7DC-4BB9-AD4E-1F378FA81BD2}"
EndProject
Project("{8BC9CEB8-8B4A-11D0-8D11-00A0C91BC942}") = "question2", "question2\question2.vcxproj", "{0E68A3AA-A64D-47CD-BA43-EFDA721D1C49}"
EndProject
Project("{8BC9CEB8-8B4A-11D0-8D11-00A0C91BC942}") = "q9", "q9\q9.vcxproj", "{1320022E-2984-4520-B85D-2ECE8F0562CD}"
EndProject
Project("{8BC9CEB8-8B4A-11D0-8D11-00A0C91BC942}") = "question3", "question3\question3.vcxproj", "{EB27FD0F-483B-4273-A762-3CCA695F94E7}"
EndProject
Project("{8BC9CEB8-8B4A-11D0-8D11-00A0C91BC942}") = "question5", "question5\question5.vcxproj", "{0C1DC45C-4303-4449-951E-EF687B6E21A8}"
EndProject
Project("{8BC9CEB8-8B4A-11D0-8D11-00A0C91BC942}") = "question6", "question6\question6.vcxproj", "{337F541A-B36A-4C47-8948-F2569A3549C3}"
EndProject
Project("{8BC9CEB8-8B4A-11D0-8D11-00A0C91BC942}") = "question4", "question4\question4.vcxproj", "{63C07359-D14D-445C-B09D-0B2C81B0A3F1}"
EndProject
Project("{8BC9CEB8-8B4A-11D0-8D11-00A0C91BC942}") = "question7", "question7\question7.vcxproj", "{7B7E1EB4-C3C6-45F8-A838-8368B3EC8DA8}"
EndProject
Project("{8BC9CEB8-8B4A-11D0-8D11-00A0C91BC942}") = "question8", "question8\question8.vcxproj", "{477047BE-F198-4FF2-B5DC-9E357BCCBC51}"
EndProject
Global
	GlobalSection(SolutionConfigurationPlatforms) = preSolution
		Debug|x64 = Debug|x64
		Debug|x86 = Debug|x86
		Release|x64 = Release|x64
		Release|x86 = Release|x86
	EndGlobalSection
	GlobalSection(ProjectConfigurationPlatforms) = postSolution
		{0AFB2AEA-C7DC-4BB9-AD4E-1F378FA81BD2}.Debug|x64.ActiveCfg = Debug|x64
		{0AFB2AEA-C7DC-4BB9-AD4E-1F378FA81BD2}.Debug|x64.Build.0 = Debug|x64
		{0AFB2AEA-C7DC-4BB9-AD4E-1F378FA81BD2}.Debug|x86.ActiveCfg = Debug|Win32
		{0AFB2AEA-C7DC-4BB9-AD4E-1F378FA81BD2}.Debug|x86.Build.0 = Debug|Win32
		{0AFB2AEA-C7DC-4BB9-AD4E-1F378FA81BD2}.Release|x64.ActiveCfg = Release|x64
		{0AFB2AEA-C7DC-4BB9-AD4E-1F378FA81BD2}.Release|x64.Build.0 = Release|x64
		{0AFB2AEA-C7DC-4BB9-AD4E-1F378FA81BD2}.Release|x86.ActiveCfg = Release|Win32
		{0AFB2AEA-C7DC-4BB9-AD4E-1F378FA81BD2}.Release|x86.Build.0 = Release|Win32
		{0E68A3AA-A64D-47CD-BA43-EFDA721D1C49}.Debug|x64.ActiveCfg = Debug|x64
		{0E68A3AA-A64D-47CD-BA43-EFDA721D1C49}.Debug|x64.Build.0 = Debug|x64
		{0E68A3AA-A64D-47CD-BA43-EFDA721D1C49}.Debug|x86.ActiveCfg = Debug|Win32
		{0E68A3AA-A64D-47CD-BA43-EFDA721D1C49}.Debug|x86.Build.0 = Debug|Win32
		{0E68A3AA-A64D-47CD-BA43-EFDA721D1C49}.Release|x64.ActiveCfg = Release|x64
		{0E68A3AA-A64D-47CD-BA43-EFDA721D1C49}.Release|x64.Build.0 = Release|x64
		{0E68A3AA-A64D-47CD-BA43-EFDA721D1C49}.Release|x86.ActiveCfg = Release|Win32
		{0E68A3AA-A64D-47CD-BA43-EFDA721D1C49}.Release|x86.Build.0 = Release|Win32
		{1320022E-2984-4520-B85D-2ECE8F0562CD}.Debug|x64.ActiveCfg = Debug|x64
		{1320022E-2984-4520-B85D-2ECE8F0562CD}.Debug|x64.Build.0 = Debug|x64
		{1320022E-2984-4520-B85D-2ECE8F0562CD}.Debug|x86.ActiveCfg = Debug|Win32
		{1320022E-2984-4520-B85D-2ECE8F0562CD}.Debug|x86.Build.0 = Debug|Win32
		{1320022E-2984-4520-B85D-2ECE8F0562CD}.Release|x64.ActiveCfg = Release|x64
		{1320022E-2984-4520-B85D-2ECE8F0562CD}.Release|x64.Build.0 = Release|x64
		{1320022E-2984-4520-B85D-2ECE8F0562CD}.Release|x86.ActiveCfg = Release|Win32
		{1320022E-2984-4520-B85D-2ECE8F0562CD}.Release|x86.Build.0 = Release|Win32
		{EB27FD0F-483B-4273-A762-3CCA695F94E7}.Debug|x64.ActiveCfg = Debug|x64
		{EB27FD0F-483B-4273-A762-3CCA695F94E7}.Debug|x64.Build.0 = Debug|x64
		{EB27FD0F-483B-4273-A762-3CCA695F94E7}.Debug|x86.ActiveCfg = Debug|Win32
		{EB27FD0F-483B-4273-A762-3CCA695F94E7}.Debug|x86.Build.0 = Debug|Win32
		{EB27FD0F-483B-4273-A762-3CCA695F94E7}.Release|x64.ActiveCfg = Release|x64
		{EB27FD0F-483B-4273-A762-3CCA695F94E7}.Release|x64.Build.0 = Release|x64
		{EB27FD0F-483B-4273-A762-3CCA695F94E7}.Release|x86.ActiveCfg = Release|Win32
		{EB27FD0F-483B-4273-A762-3CCA695F94E7}.Release|x86.Build.0 = Release|Win32
		{0C1DC45C-4303-4449-951E-EF687B6E21A8}.Debug|x64.ActiveCfg = Debug|x64
		{0C1DC45C-4303-4449-951E-EF687B6E21A8}.Debug|x64.Build.0 = Debug|x64
		{0C1DC45C-4303-4449-951E-EF687B6E21A8}.Debug|x86.ActiveCfg = Debug|Win32
		{0C1DC45C-4303-4449-951E-EF687B6E21A8}.Debug|x86.Build.0 = Debug|Win32
		{0C1DC45C-4303-4449-951E-EF687B6E21A8}.Release|x64.ActiveCfg = Release|x64
		{0C1DC45C-4303-4449-951E-EF687B6E21A8}.Release|x64.Build.0 = Release|x64
		{0C1DC45C-4303-4449-951E-EF687B6E21A8}.Release|x86.ActiveCfg = Release|Win32
		{0C1DC45C-4303-4449-951E-EF687B6E21A8}.Release|x86.Build.0 = Release|Win32
		{337F541A-B36A-4C47-8948-F2569A3549C3}.Debug|x64.ActiveCfg = Debug|x64
		{337F541A-B36A-4C47-8948-F2569A3549C3}.Debug|x64.Build.0 = Debug|x64
		{337F541A-B36A-4C47-8948-F2569A3549C3}.Debug|x86.ActiveCfg = Debug|Win32
		{337F541A-B36A-4C47-8948-F2569A3549C3}.Debug|x86.Build.0 = Debug|Win32
		{337F541A-B36A-4C47-8948-F2569A3549C3}.Release|x64.ActiveCfg = Release|x64
		{337F541A-B36A-4C47-8948-F2569A3549C3}.Release|x64.Build.0 = Release|x64
		{337F541A-B36A-4C47-8948-F2569A3549C3}.Release|x86.ActiveCfg = Release|Win32
		{337F541A-B36A-4C47-8948-F2569A3549C3}.Release|x86.Build.0 = Release|Win32
		{63C07359-D14D-445C-B09D-0B2C81B0A3F1}.Debug|x64.ActiveCfg = Debug|x64
		{63C07359-D14D-445C-B09D-0B2C81B0A3F1}.Debug|x64.Build.0 = Debug|x64
		{63C07359-D14D-445C-B09D-0B2C81B0A3F1}.Debug|x86.ActiveCfg = Debug|Win32
		{63C07359-D14D-445C-B09D-0B2C81B0A3F1}.Debug|x86.Build.0 = Debug|Win32
		{63C07359-D14D-445C-B09D-0B2C81B0A3F1}.Release|x64.ActiveCfg = Release|x64
		{63C07359-D14D-445C-B09D-0B2C81B0A3F1}.Release|x64.Build.0 = Release|x64
		{63C07359-D14D-445C-B09D-0B2C81B0A3F1}.Release|x86.ActiveCfg = Release|Win32
		{63C07359-D14D-445C-B09D-0B2C81B0A3F1}.Release|x86.Build.0 = Release|Win32
		{7B7E1EB4-C3C6-45F8-A838-8368B3EC8DA8}.Debug|x64.ActiveCfg = Debug|x64
		{7B7E1EB4-C3C6-45F8-A838-8368B3EC8DA8}.Debug|x64.Build.0 = Debug|x64
		{7B7E1EB4-C3C6-45F8-A838-8368B3EC8DA8}.Debug|x86.ActiveCfg = Debug|Win32
		{7B7E1EB4-C3C6-45F8-A838-8368B3EC8DA8}.Debug|x86.Build.0 = Debug|Win32
		{7B7E1EB4-C3C6-45F8-A838-8368B3EC8DA8}.Release|x64.ActiveCfg = Release|x64
		{7B7E1EB4-C3C6-45F8-A838-8368B3EC8DA8}.Release|x64.Build.0 = Release|x64
		{7B7E1EB4-C3C6-45F8-A838-8368B3EC8DA8}.Release|x86.ActiveCfg = Release|Win32
		{7B7E1EB4-C3C6-45F8-A838-8368B3EC8DA8}.Release|x86.Build.0 = Release|Win32
		{477047BE-F198-4FF2-B5DC-9E357BCCBC51}.Debug|x64.ActiveCfg = Debug|x64
		{477047BE-F198-4FF2-B5DC-9E357BCCBC51}.Debug|x64.Build.0 = Debug|x64
		{477047BE-F198-4FF2-B5DC-9E357BCCBC51}.Debug|x86.ActiveCfg = Debug|Win32
		{477047BE-F198-4FF2-B5DC-9E357BCCBC51}.Debug|x86.Build.0 = Debug|Win32
		{477047BE-F198-4FF2-B5DC-9E357BCCBC51}.Release|x64.ActiveCfg = Release|x64
		{477047BE-F198-4FF2-B5DC-9E357BCCBC51}.Release|x64.Build.0 = Release|x64
		{477047BE-F198-4FF2-B5DC-9E357BCCBC51}.Release|x86.ActiveCfg = Release|Win32
		{477047BE-F198-4FF2-B5DC-9E357BCCBC51}.Release|x86.Build.0 = Release|Win32
	EndGlobalSection
	GlobalSection(SolutionProperties) = preSolution
		HideSolutionNode = FALSE
	EndGlobalSection
	GlobalSection(ExtensibilityGlobals) = postSolution
		SolutionGuid = {88F8028E-97E8-43D9-87F4-4E8600B9BB16}
	EndGlobalSection
EndGlobal
